
Microsoft Visual Studio Solution File, Format Version 12.00
# Visual Studio 14
VisualStudioVersion = 14.0.23107.0
MinimumVisualStudioVersion = 10.0.40219.1
Project("{FAE04EC0-301F-11D3-BF4B-00C04F79EFBC}") = "DataConcentrator", "DataConcentrator\DataConcentrator.csproj", "{A7A363D5-2DFD-4432-8BCD-AB98119DB57A}"
EndProject
Project("{FAE04EC0-301F-11D3-BF4B-00C04F79EFBC}") = "DataConcentratorWEB", "DataConcentratorWEB\DataConcentratorWEB.csproj", "{75C9089E-34E9-47FB-BDB3-7A68E815587A}"
EndProject
Global
	GlobalSection(SolutionConfigurationPlatforms) = preSolution
		Debug|Any CPU = Debug|Any CPU
		Release|Any CPU = Release|Any CPU
	EndGlobalSection
	GlobalSection(ProjectConfigurationPlatforms) = postSolution
		{A7A363D5-2DFD-4432-8BCD-AB98119DB57A}.Debug|Any CPU.ActiveCfg = Debug|Any CPU
		{A7A363D5-2DFD-4432-8BCD-AB98119DB57A}.Debug|Any CPU.Build.0 = Debug|Any CPU
		{A7A363D5-2DFD-4432-8BCD-AB98119DB57A}.Release|Any CPU.ActiveCfg = Release|Any CPU
		{A7A363D5-2DFD-4432-8BCD-AB98119DB57A}.Release|Any CPU.Build.0 = Release|Any CPU
		{75C9089E-34E9-47FB-BDB3-7A68E815587A}.Debug|Any CPU.ActiveCfg = Debug|Any CPU
		{75C9089E-34E9-47FB-BDB3-7A68E815587A}.Debug|Any CPU.Build.0 = Debug|Any CPU
		{75C9089E-34E9-47FB-BDB3-7A68E815587A}.Release|Any CPU.ActiveCfg = Release|Any CPU
		{75C9089E-34E9-47FB-BDB3-7A68E815587A}.Release|Any CPU.Build.0 = Release|Any CPU
	EndGlobalSection
	GlobalSection(SolutionProperties) = preSolution
		HideSolutionNode = FALSE
	EndGlobalSection
EndGlobal
